Microsoft Visual Studio Solution File, Format Version 9.00
# Visual Studio 2005
Project("{FAE04EC0-301F-11D3-BF4B-00C04F79EFBC}") = "DeckBuilder", "Deckbuilder\DeckBuilder.csproj", "{75A2009A-5ADD-49D7-941E-D6CDE96F7111}"
EndProject
Project("{FAE04EC0-301F-11D3-BF4B-00C04F79EFBC}") = "DeckBuilderLibrary", "DeckbuilderLibrary\DeckBuilderLibrary.csproj", "{924CB5BF-ACA2-4479-BB83-4EFA1599EBA6}"
EndProject
Project("{FAE04EC0-301F-11D3-BF4B-00C04F79EFBC}") = "UW.ClassroomPresenter", "..\UW.ClassroomPresenter\UW.ClassroomPresenter.csproj", "{5D7BEDB4-91E8-4A14-B1F2-A99C3C23955F}"
EndProject
Global
	GlobalSection(SolutionConfigurationPlatforms) = preSolution
		Debug|Any CPU = Debug|Any CPU
		Release|Any CPU = Release|Any CPU
	EndGlobalSection
	GlobalSection(ProjectConfigurationPlatforms) = postSolution
		{75A2009A-5ADD-49D7-941E-D6CDE96F7111}.Debug|Any CPU.ActiveCfg = Debug|Any CPU
		{75A2009A-5ADD-49D7-941E-D6CDE96F7111}.Debug|Any CPU.Build.0 = Debug|Any CPU
		{75A2009A-5ADD-49D7-941E-D6CDE96F7111}.Release|Any CPU.ActiveCfg = Release|Any CPU
		{75A2009A-5ADD-49D7-941E-D6CDE96F7111}.Release|Any CPU.Build.0 = Release|Any CPU
		{924CB5BF-ACA2-4479-BB83-4EFA1599EBA6}.Debug|Any CPU.ActiveCfg = Debug|Any CPU
		{924CB5BF-ACA2-4479-BB83-4EFA1599EBA6}.Debug|Any CPU.Build.0 = Debug|Any CPU
		{924CB5BF-ACA2-4479-BB83-4EFA1599EBA6}.Release|Any CPU.ActiveCfg = Release|Any CPU
		{924CB5BF-ACA2-4479-BB83-4EFA1599EBA6}.Release|Any CPU.Build.0 = Release|Any CPU
		{5D7BEDB4-91E8-4A14-B1F2-A99C3C23955F}.Debug|Any CPU.ActiveCfg = Debug|Any CPU
		{5D7BEDB4-91E8-4A14-B1F2-A99C3C23955F}.Debug|Any CPU.Build.0 = Debug|Any CPU
		{5D7BEDB4-91E8-4A14-B1F2-A99C3C23955F}.Release|Any CPU.ActiveCfg = Release|Any CPU
		{5D7BEDB4-91E8-4A14-B1F2-A99C3C23955F}.Release|Any CPU.Build.0 = Release|Any CPU
	EndGlobalSection
	GlobalSection(SolutionProperties) = preSolution
		HideSolutionNode = FALSE
	EndGlobalSection
EndGlobal
